
Microsoft Visual Studio Solution File, Format Version 12.00
# Visual Studio Version 16
VisualStudioVersion = 16.0.30503.244
MinimumVisualStudioVersion = 10.0.40219.1
Project("{FAE04EC0-301F-11D3-BF4B-00C04F79EFBC}") = "BibleVerse", "BibleVerse\BibleVerse.csproj", "{461A9FC2-B559-46C7-B03D-A62D8F483400}"
EndProject
Global
	GlobalSection(SolutionConfigurationPlatforms) = preSolution
		Debug|Any CPU = Debug|Any CPU
		Release|Any CPU = Release|Any CPU
	EndGlobalSection
	GlobalSection(ProjectConfigurationPlatforms) = postSolution
		{461A9FC2-B559-46C7-B03D-A62D8F483400}.Debug|Any CPU.ActiveCfg = Debug|Any CPU
		{461A9FC2-B559-46C7-B03D-A62D8F483400}.Debug|Any CPU.Build.0 = Debug|Any CPU
		{461A9FC2-B559-46C7-B03D-A62D8F483400}.Release|Any CPU.ActiveCfg = Release|Any CPU
		{461A9FC2-B559-46C7-B03D-A62D8F483400}.Release|Any CPU.Build.0 = Release|Any CPU
	EndGlobalSection
	GlobalSection(SolutionProperties) = preSolution
		HideSolutionNode = FALSE
	EndGlobalSection
	GlobalSection(ExtensibilityGlobals) = postSolution
		SolutionGuid = {C0167FBA-59D8-413B-BD39-2CFE924CEBC3}
	EndGlobalSection
EndGlobal
